
Microsoft Visual Studio Solution File, Format Version 12.00
# Visual Studio 15
VisualStudioVersion = 15.0.28010.2050
MinimumVisualStudioVersion = 10.0.40219.1
Project("{9A19103F-16F7-4668-BE54-9A1E7A4F7556}") = "Common", "Common\Common.csproj", "{0E2C73CC-4895-4346-9FBE-866C7D769A51}"
EndProject
Project("{FAE04EC0-301F-11D3-BF4B-00C04F79EFBC}") = "CommonTest", "CommonTest\CommonTest.csproj", "{47BC8629-CA03-450E-8596-CABADA849B4E}"
EndProject
Project("{FAE04EC0-301F-11D3-BF4B-00C04F79EFBC}") = "WindowsApp", "WindowsFormsApp\WindowsApp.csproj", "{720DA644-B5B1-4450-B7A9-A9EFF5CD8118}"
	ProjectSection(ProjectDependencies) = postProject
		{0E2C73CC-4895-4346-9FBE-866C7D769A51} = {0E2C73CC-4895-4346-9FBE-866C7D769A51}
	EndProjectSection
EndProject
Project("{2150E333-8FDC-42A3-9474-1A3956D46DE8}") = "UI", "UI", "{AEDD57A4-5CD1-4E19-9DEE-50B504A6CE75}"
EndProject
Project("{2150E333-8FDC-42A3-9474-1A3956D46DE8}") = "Images", "Images", "{A55EF636-8EA5-4F7A-B798-FEAA9B80632E}"
	ProjectSection(SolutionItems) = preProject
		..\..\..\..\..\folder.png = ..\..\..\..\..\folder.png
	EndProjectSection
EndProject
Project("{8BC9CEB8-8B4A-11D0-8D11-00A0C91BC942}") = "ConsoleApplication1", "ConsoleApplication1\ConsoleApplication1.vcxproj", "{3B8FAA1B-0E77-48CA-9EF6-1081DCEFB11B}"
EndProject
Project("{2150E333-8FDC-42A3-9474-1A3956D46DE8}") = "GDB", "GDB", "{87EF5A4A-C900-40D2-866E-AEDC304CD52B}"
EndProject
Project("{8BC9CEB8-8B4A-11D0-8D11-00A0C91BC942}") = "Blink1", "Blink1\Blink1.vcxproj", "{730F368B-5849-4294-904D-D6681F8FE95B}"
EndProject
Project("{FAE04EC0-301F-11D3-BF4B-00C04F79EFBC}") = "TCPCONNECT", "TCPCONNECT\TCPCONNECT.csproj", "{75FB92AF-4197-4031-98E1-8E9AC577BA75}"
EndProject
Project("{FAE04EC0-301F-11D3-BF4B-00C04F79EFBC}") = "TEST1", "TEST1\TEST1.csproj", "{EDE46C24-58B8-4085-967A-03AA133B0CB6}"
EndProject
Project("{FAE04EC0-301F-11D3-BF4B-00C04F79EFBC}") = "WindowsApp2", "WindowsFormsApp2\WindowsApp2.csproj", "{0DDCE5F5-2072-4757-BB97-DA90C83B8865}"
EndProject
Project("{FAE04EC0-301F-11D3-BF4B-00C04F79EFBC}") = "WindowsApp3", "WindowsFormsApp3\WindowsApp3.csproj", "{B3D7FF45-5A31-4663-A60E-6D429612AEBA}"
EndProject
Project("{8BC9CEB8-8B4A-11D0-8D11-00A0C91BC942}") = "RobotTransmissionDataApp", "RobotTransmissionDataApp\RobotTransmissionDataApp.vcxproj", "{45EA2A4E-5E16-462E-AB4B-9A464E189127}"
EndProject
Project("{8BC9CEB8-8B4A-11D0-8D11-00A0C91BC942}") = "ConsoleApplicationCPlusPlus", "ConsoleApplicationCPlusPlus\ConsoleApplicationCPlusPlus.vcxproj", "{68E9B590-2288-497D-A8BD-F6F9D0B41C19}"
EndProject
Project("{FAE04EC0-301F-11D3-BF4B-00C04F79EFBC}") = "TestLambda", "TestLambda\TestLambda.csproj", "{FDF13C4A-F403-4D40-A7AD-1C020EF89F73}"
EndProject
Project("{FAE04EC0-301F-11D3-BF4B-00C04F79EFBC}") = "Test", "Test\Test.csproj", "{89DB9D05-98DA-425B-8643-33CB350924B0}"
EndProject
Global
	GlobalSection(SolutionConfigurationPlatforms) = preSolution
		Debug|Any CPU = Debug|Any CPU
		Debug|ARM = Debug|ARM
		Debug|ARM64 = Debug|ARM64
		Debug|x64 = Debug|x64
		Debug|x86 = Debug|x86
		Release|Any CPU = Release|Any CPU
		Release|ARM = Release|ARM
		Release|ARM64 = Release|ARM64
		Release|x64 = Release|x64
		Release|x86 = Release|x86
	EndGlobalSection
	GlobalSection(ProjectConfigurationPlatforms) = postSolution
		{0E2C73CC-4895-4346-9FBE-866C7D769A51}.Debug|Any CPU.ActiveCfg = Debug|Any CPU
		{0E2C73CC-4895-4346-9FBE-866C7D769A51}.Debug|Any CPU.Build.0 = Debug|Any CPU
		{0E2C73CC-4895-4346-9FBE-866C7D769A51}.Debug|ARM.ActiveCfg = Debug|Any CPU
		{0E2C73CC-4895-4346-9FBE-866C7D769A51}.Debug|ARM.Build.0 = Debug|Any CPU
		{0E2C73CC-4895-4346-9FBE-866C7D769A51}.Debug|ARM64.ActiveCfg = Debug|Any CPU
		{0E2C73CC-4895-4346-9FBE-866C7D769A51}.Debug|ARM64.Build.0 = Debug|Any CPU
		{0E2C73CC-4895-4346-9FBE-866C7D769A51}.Debug|x64.ActiveCfg = Debug|Any CPU
		{0E2C73CC-4895-4346-9FBE-866C7D769A51}.Debug|x64.Build.0 = Debug|Any CPU
		{0E2C73CC-4895-4346-9FBE-866C7D769A51}.Debug|x86.ActiveCfg = Debug|Any CPU
		{0E2C73CC-4895-4346-9FBE-866C7D769A51}.Debug|x86.Build.0 = Debug|Any CPU
		{0E2C73CC-4895-4346-9FBE-866C7D769A51}.Release|Any CPU.ActiveCfg = Release|Any CPU
		{0E2C73CC-4895-4346-9FBE-866C7D769A51}.Release|Any CPU.Build.0 = Release|Any CPU
		{0E2C73CC-4895-4346-9FBE-866C7D769A51}.Release|ARM.ActiveCfg = Release|Any CPU
		{0E2C73CC-4895-4346-9FBE-866C7D769A51}.Release|ARM.Build.0 = Release|Any CPU
		{0E2C73CC-4895-4346-9FBE-866C7D769A51}.Release|ARM64.ActiveCfg = Release|Any CPU
		{0E2C73CC-4895-4346-9FBE-866C7D769A51}.Release|ARM64.Build.0 = Release|Any CPU
		{0E2C73CC-4895-4346-9FBE-866C7D769A51}.Release|x64.ActiveCfg = Release|Any CPU
		{0E2C73CC-4895-4346-9FBE-866C7D769A51}.Release|x64.Build.0 = Release|Any CPU
		{0E2C73CC-4895-4346-9FBE-866C7D769A51}.Release|x86.ActiveCfg = Release|Any CPU
		{0E2C73CC-4895-4346-9FBE-866C7D769A51}.Release|x86.Build.0 = Release|Any CPU
		{47BC8629-CA03-450E-8596-CABADA849B4E}.Debug|Any CPU.ActiveCfg = Debug|Any CPU
		{47BC8629-CA03-450E-8596-CABADA849B4E}.Debug|Any CPU.Build.0 = Debug|Any CPU
		{47BC8629-CA03-450E-8596-CABADA849B4E}.Debug|ARM.ActiveCfg = Debug|Any CPU
		{47BC8629-CA03-450E-8596-CABADA849B4E}.Debug|ARM.Build.0 = Debug|Any CPU
		{47BC8629-CA03-450E-8596-CABADA849B4E}.Debug|ARM64.ActiveCfg = Debug|Any CPU
		{47BC8629-CA03-450E-8596-CABADA849B4E}.Debug|ARM64.Build.0 = Debug|Any CPU
		{47BC8629-CA03-450E-8596-CABADA849B4E}.Debug|x64.ActiveCfg = Debug|Any CPU
		{47BC8629-CA03-450E-8596-CABADA849B4E}.Debug|x64.Build.0 = Debug|Any CPU
		{47BC8629-CA03-450E-8596-CABADA849B4E}.Debug|x86.ActiveCfg = Debug|Any CPU
		{47BC8629-CA03-450E-8596-CABADA849B4E}.Debug|x86.Build.0 = Debug|Any CPU
		{47BC8629-CA03-450E-8596-CABADA849B4E}.Release|Any CPU.ActiveCfg = Release|Any CPU
		{47BC8629-CA03-450E-8596-CABADA849B4E}.Release|Any CPU.Build.0 = Release|Any CPU
		{47BC8629-CA03-450E-8596-CABADA849B4E}.Release|ARM.ActiveCfg = Release|Any CPU
		{47BC8629-CA03-450E-8596-CABADA849B4E}.Release|ARM.Build.0 = Release|Any CPU
		{47BC8629-CA03-450E-8596-CABADA849B4E}.Release|ARM64.ActiveCfg = Release|Any CPU
		{47BC8629-CA03-450E-8596-CABADA849B4E}.Release|ARM64.Build.0 = Release|Any CPU
		{47BC8629-CA03-450E-8596-CABADA849B4E}.Release|x64.ActiveCfg = Release|Any CPU
		{47BC8629-CA03-450E-8596-CABADA849B4E}.Release|x64.Build.0 = Release|Any CPU
		{47BC8629-CA03-450E-8596-CABADA849B4E}.Release|x86.ActiveCfg = Release|Any CPU
		{47BC8629-CA03-450E-8596-CABADA849B4E}.Release|x86.Build.0 = Release|Any CPU
		{720DA644-B5B1-4450-B7A9-A9EFF5CD8118}.Debug|Any CPU.ActiveCfg = Debug|Any CPU
		{720DA644-B5B1-4450-B7A9-A9EFF5CD8118}.Debug|Any CPU.Build.0 = Debug|Any CPU
		{720DA644-B5B1-4450-B7A9-A9EFF5CD8118}.Debug|ARM.ActiveCfg = Debug|Any CPU
		{720DA644-B5B1-4450-B7A9-A9EFF5CD8118}.Debug|ARM.Build.0 = Debug|Any CPU
		{720DA644-B5B1-4450-B7A9-A9EFF5CD8118}.Debug|ARM64.ActiveCfg = Debug|Any CPU
		{720DA644-B5B1-4450-B7A9-A9EFF5CD8118}.Debug|ARM64.Build.0 = Debug|Any CPU
		{720DA644-B5B1-4450-B7A9-A9EFF5CD8118}.Debug|x64.ActiveCfg = Debug|Any CPU
		{720DA644-B5B1-4450-B7A9-A9EFF5CD8118}.Debug|x64.Build.0 = Debug|Any CPU
		{720DA644-B5B1-4450-B7A9-A9EFF5CD8118}.Debug|x86.ActiveCfg = Debug|Any CPU
		{720DA644-B5B1-4450-B7A9-A9EFF5CD8118}.Debug|x86.Build.0 = Debug|Any CPU
		{720DA644-B5B1-4450-B7A9-A9EFF5CD8118}.Release|Any CPU.ActiveCfg = Release|Any CPU
		{720DA644-B5B1-4450-B7A9-A9EFF5CD8118}.Release|Any CPU.Build.0 = Release|Any CPU
		{720DA644-B5B1-4450-B7A9-A9EFF5CD8118}.Release|ARM.ActiveCfg = Release|Any CPU
		{720DA644-B5B1-4450-B7A9-A9EFF5CD8118}.Release|ARM.Build.0 = Release|Any CPU
		{720DA644-B5B1-4450-B7A9-A9EFF5CD8118}.Release|ARM64.ActiveCfg = Release|Any CPU
		{720DA644-B5B1-4450-B7A9-A9EFF5CD8118}.Release|ARM64.Build.0 = Release|Any CPU
		{720DA644-B5B1-4450-B7A9-A9EFF5CD8118}.Release|x64.ActiveCfg = Release|Any CPU
		{720DA644-B5B1-4450-B7A9-A9EFF5CD8118}.Release|x64.Build.0 = Release|Any CPU
		{720DA644-B5B1-4450-B7A9-A9EFF5CD8118}.Release|x86.ActiveCfg = Release|Any CPU
		{720DA644-B5B1-4450-B7A9-A9EFF5CD8118}.Release|x86.Build.0 = Release|Any CPU
		{3B8FAA1B-0E77-48CA-9EF6-1081DCEFB11B}.Debug|Any CPU.ActiveCfg = Debug|Win32
		{3B8FAA1B-0E77-48CA-9EF6-1081DCEFB11B}.Debug|ARM.ActiveCfg = Debug|Win32
		{3B8FAA1B-0E77-48CA-9EF6-1081DCEFB11B}.Debug|ARM64.ActiveCfg = Debug|Win32
		{3B8FAA1B-0E77-48CA-9EF6-1081DCEFB11B}.Debug|x64.ActiveCfg = Debug|x64
		{3B8FAA1B-0E77-48CA-9EF6-1081DCEFB11B}.Debug|x64.Build.0 = Debug|x64
		{3B8FAA1B-0E77-48CA-9EF6-1081DCEFB11B}.Debug|x86.ActiveCfg = Debug|Win32
		{3B8FAA1B-0E77-48CA-9EF6-1081DCEFB11B}.Debug|x86.Build.0 = Debug|Win32
		{3B8FAA1B-0E77-48CA-9EF6-1081DCEFB11B}.Release|Any CPU.ActiveCfg = Release|Win32
		{3B8FAA1B-0E77-48CA-9EF6-1081DCEFB11B}.Release|ARM.ActiveCfg = Release|Win32
		{3B8FAA1B-0E77-48CA-9EF6-1081DCEFB11B}.Release|ARM64.ActiveCfg = Release|Win32
		{3B8FAA1B-0E77-48CA-9EF6-1081DCEFB11B}.Release|x64.ActiveCfg = Release|x64
		{3B8FAA1B-0E77-48CA-9EF6-1081DCEFB11B}.Release|x64.Build.0 = Release|x64
		{3B8FAA1B-0E77-48CA-9EF6-1081DCEFB11B}.Release|x86.ActiveCfg = Release|Win32
		{3B8FAA1B-0E77-48CA-9EF6-1081DCEFB11B}.Release|x86.Build.0 = Release|Win32
		{730F368B-5849-4294-904D-D6681F8FE95B}.Debug|Any CPU.ActiveCfg = Debug|ARM
		{730F368B-5849-4294-904D-D6681F8FE95B}.Debug|ARM.ActiveCfg = Debug|ARM
		{730F368B-5849-4294-904D-D6681F8FE95B}.Debug|ARM.Build.0 = Debug|ARM
		{730F368B-5849-4294-904D-D6681F8FE95B}.Debug|ARM64.ActiveCfg = Debug|ARM64
		{730F368B-5849-4294-904D-D6681F8FE95B}.Debug|ARM64.Build.0 = Debug|ARM64
		{730F368B-5849-4294-904D-D6681F8FE95B}.Debug|x64.ActiveCfg = Debug|ARM
		{730F368B-5849-4294-904D-D6681F8FE95B}.Debug|x86.ActiveCfg = Debug|ARM
		{730F368B-5849-4294-904D-D6681F8FE95B}.Release|Any CPU.ActiveCfg = Release|ARM
		{730F368B-5849-4294-904D-D6681F8FE95B}.Release|ARM.ActiveCfg = Release|ARM
		{730F368B-5849-4294-904D-D6681F8FE95B}.Release|ARM.Build.0 = Release|ARM
		{730F368B-5849-4294-904D-D6681F8FE95B}.Release|ARM64.ActiveCfg = Release|ARM64
		{730F368B-5849-4294-904D-D6681F8FE95B}.Release|ARM64.Build.0 = Release|ARM64
		{730F368B-5849-4294-904D-D6681F8FE95B}.Release|x64.ActiveCfg = Release|ARM
		{730F368B-5849-4294-904D-D6681F8FE95B}.Release|x86.ActiveCfg = Release|ARM
		{75FB92AF-4197-4031-98E1-8E9AC577BA75}.Debug|Any CPU.ActiveCfg = Debug|Any CPU
		{75FB92AF-4197-4031-98E1-8E9AC577BA75}.Debug|Any CPU.Build.0 = Debug|Any CPU
		{75FB92AF-4197-4031-98E1-8E9AC577BA75}.Debug|ARM.ActiveCfg = Debug|Any CPU
		{75FB92AF-4197-4031-98E1-8E9AC577BA75}.Debug|ARM.Build.0 = Debug|Any CPU
		{75FB92AF-4197-4031-98E1-8E9AC577BA75}.Debug|ARM64.ActiveCfg = Debug|Any CPU
		{75FB92AF-4197-4031-98E1-8E9AC577BA75}.Debug|ARM64.Build.0 = Debug|Any CPU
		{75FB92AF-4197-4031-98E1-8E9AC577BA75}.Debug|x64.ActiveCfg = Debug|Any CPU
		{75FB92AF-4197-4031-98E1-8E9AC577BA75}.Debug|x64.Build.0 = Debug|Any CPU
		{75FB92AF-4197-4031-98E1-8E9AC577BA75}.Debug|x86.ActiveCfg = Debug|Any CPU
		{75FB92AF-4197-4031-98E1-8E9AC577BA75}.Debug|x86.Build.0 = Debug|Any CPU
		{75FB92AF-4197-4031-98E1-8E9AC577BA75}.Release|Any CPU.ActiveCfg = Release|Any CPU
		{75FB92AF-4197-4031-98E1-8E9AC577BA75}.Release|Any CPU.Build.0 = Release|Any CPU
		{75FB92AF-4197-4031-98E1-8E9AC577BA75}.Release|ARM.ActiveCfg = Release|Any CPU
		{75FB92AF-4197-4031-98E1-8E9AC577BA75}.Release|ARM.Build.0 = Release|Any CPU
		{75FB92AF-4197-4031-98E1-8E9AC577BA75}.Release|ARM64.ActiveCfg = Release|Any CPU
		{75FB92AF-4197-4031-98E1-8E9AC577BA75}.Release|ARM64.Build.0 = Release|Any CPU
		{75FB92AF-4197-4031-98E1-8E9AC577BA75}.Release|x64.ActiveCfg = Release|Any CPU
		{75FB92AF-4197-4031-98E1-8E9AC577BA75}.Release|x64.Build.0 = Release|Any CPU
		{75FB92AF-4197-4031-98E1-8E9AC577BA75}.Release|x86.ActiveCfg = Release|Any CPU
		{75FB92AF-4197-4031-98E1-8E9AC577BA75}.Release|x86.Build.0 = Release|Any CPU
		{EDE46C24-58B8-4085-967A-03AA133B0CB6}.Debug|Any CPU.ActiveCfg = Debug|Any CPU
		{EDE46C24-58B8-4085-967A-03AA133B0CB6}.Debug|Any CPU.Build.0 = Debug|Any CPU
		{EDE46C24-58B8-4085-967A-03AA133B0CB6}.Debug|ARM.ActiveCfg = Debug|Any CPU
		{EDE46C24-58B8-4085-967A-03AA133B0CB6}.Debug|ARM.Build.0 = Debug|Any CPU
		{EDE46C24-58B8-4085-967A-03AA133B0CB6}.Debug|ARM64.ActiveCfg = Debug|Any CPU
		{EDE46C24-58B8-4085-967A-03AA133B0CB6}.Debug|ARM64.Build.0 = Debug|Any CPU
		{EDE46C24-58B8-4085-967A-03AA133B0CB6}.Debug|x64.ActiveCfg = Debug|Any CPU
		{EDE46C24-58B8-4085-967A-03AA133B0CB6}.Debug|x64.Build.0 = Debug|Any CPU
		{EDE46C24-58B8-4085-967A-03AA133B0CB6}.Debug|x86.ActiveCfg = Debug|Any CPU
		{EDE46C24-58B8-4085-967A-03AA133B0CB6}.Debug|x86.Build.0 = Debug|Any CPU
		{EDE46C24-58B8-4085-967A-03AA133B0CB6}.Release|Any CPU.ActiveCfg = Release|Any CPU
		{EDE46C24-58B8-4085-967A-03AA133B0CB6}.Release|Any CPU.Build.0 = Release|Any CPU
		{EDE46C24-58B8-4085-967A-03AA133B0CB6}.Release|ARM.ActiveCfg = Release|Any CPU
		{EDE46C24-58B8-4085-967A-03AA133B0CB6}.Release|ARM.Build.0 = Release|Any CPU
		{EDE46C24-58B8-4085-967A-03AA133B0CB6}.Release|ARM64.ActiveCfg = Release|Any CPU
		{EDE46C24-58B8-4085-967A-03AA133B0CB6}.Release|ARM64.Build.0 = Release|Any CPU
		{EDE46C24-58B8-4085-967A-03AA133B0CB6}.Release|x64.ActiveCfg = Release|Any CPU
		{EDE46C24-58B8-4085-967A-03AA133B0CB6}.Release|x64.Build.0 = Release|Any CPU
		{EDE46C24-58B8-4085-967A-03AA133B0CB6}.Release|x86.ActiveCfg = Release|Any CPU
		{EDE46C24-58B8-4085-967A-03AA133B0CB6}.Release|x86.Build.0 = Release|Any CPU
		{0DDCE5F5-2072-4757-BB97-DA90C83B8865}.Debug|Any CPU.ActiveCfg = Debug|Any CPU
		{0DDCE5F5-2072-4757-BB97-DA90C83B8865}.Debug|Any CPU.Build.0 = Debug|Any CPU
		{0DDCE5F5-2072-4757-BB97-DA90C83B8865}.Debug|ARM.ActiveCfg = Debug|Any CPU
		{0DDCE5F5-2072-4757-BB97-DA90C83B8865}.Debug|ARM.Build.0 = Debug|Any CPU
		{0DDCE5F5-2072-4757-BB97-DA90C83B8865}.Debug|ARM64.ActiveCfg = Debug|Any CPU
		{0DDCE5F5-2072-4757-BB97-DA90C83B8865}.Debug|ARM64.Build.0 = Debug|Any CPU
		{0DDCE5F5-2072-4757-BB97-DA90C83B8865}.Debug|x64.ActiveCfg = Debug|Any CPU
		{0DDCE5F5-2072-4757-BB97-DA90C83B8865}.Debug|x64.Build.0 = Debug|Any CPU
		{0DDCE5F5-2072-4757-BB97-DA90C83B8865}.Debug|x86.ActiveCfg = Debug|Any CPU
		{0DDCE5F5-2072-4757-BB97-DA90C83B8865}.Debug|x86.Build.0 = Debug|Any CPU
		{0DDCE5F5-2072-4757-BB97-DA90C83B8865}.Release|Any CPU.ActiveCfg = Release|Any CPU
		{0DDCE5F5-2072-4757-BB97-DA90C83B8865}.Release|Any CPU.Build.0 = Release|Any CPU
		{0DDCE5F5-2072-4757-BB97-DA90C83B8865}.Release|ARM.ActiveCfg = Release|Any CPU
		{0DDCE5F5-2072-4757-BB97-DA90C83B8865}.Release|ARM.Build.0 = Release|Any CPU
		{0DDCE5F5-2072-4757-BB97-DA90C83B8865}.Release|ARM64.ActiveCfg = Release|Any CPU
		{0DDCE5F5-2072-4757-BB97-DA90C83B8865}.Release|ARM64.Build.0 = Release|Any CPU
		{0DDCE5F5-2072-4757-BB97-DA90C83B8865}.Release|x64.ActiveCfg = Release|Any CPU
		{0DDCE5F5-2072-4757-BB97-DA90C83B8865}.Release|x64.Build.0 = Release|Any CPU
		{0DDCE5F5-2072-4757-BB97-DA90C83B8865}.Release|x86.ActiveCfg = Release|Any CPU
		{0DDCE5F5-2072-4757-BB97-DA90C83B8865}.Release|x86.Build.0 = Release|Any CPU
		{B3D7FF45-5A31-4663-A60E-6D429612AEBA}.Debug|Any CPU.ActiveCfg = Debug|Any CPU
		{B3D7FF45-5A31-4663-A60E-6D429612AEBA}.Debug|Any CPU.Build.0 = Debug|Any CPU
		{B3D7FF45-5A31-4663-A60E-6D429612AEBA}.Debug|ARM.ActiveCfg = Debug|Any CPU
		{B3D7FF45-5A31-4663-A60E-6D429612AEBA}.Debug|ARM.Build.0 = Debug|Any CPU
		{B3D7FF45-5A31-4663-A60E-6D429612AEBA}.Debug|ARM64.ActiveCfg = Debug|Any CPU
		{B3D7FF45-5A31-4663-A60E-6D429612AEBA}.Debug|ARM64.Build.0 = Debug|Any CPU
		{B3D7FF45-5A31-4663-A60E-6D429612AEBA}.Debug|x64.ActiveCfg = Debug|Any CPU
		{B3D7FF45-5A31-4663-A60E-6D429612AEBA}.Debug|x64.Build.0 = Debug|Any CPU
		{B3D7FF45-5A31-4663-A60E-6D429612AEBA}.Debug|x86.ActiveCfg = Debug|Any CPU
		{B3D7FF45-5A31-4663-A60E-6D429612AEBA}.Debug|x86.Build.0 = Debug|Any CPU
		{B3D7FF45-5A31-4663-A60E-6D429612AEBA}.Release|Any CPU.ActiveCfg = Release|Any CPU
		{B3D7FF45-5A31-4663-A60E-6D429612AEBA}.Release|Any CPU.Build.0 = Release|Any CPU
		{B3D7FF45-5A31-4663-A60E-6D429612AEBA}.Release|ARM.ActiveCfg = Release|Any CPU
		{B3D7FF45-5A31-4663-A60E-6D429612AEBA}.Release|ARM.Build.0 = Release|Any CPU
		{B3D7FF45-5A31-4663-A60E-6D429612AEBA}.Release|ARM64.ActiveCfg = Release|Any CPU
		{B3D7FF45-5A31-4663-A60E-6D429612AEBA}.Release|ARM64.Build.0 = Release|Any CPU
		{B3D7FF45-5A31-4663-A60E-6D429612AEBA}.Release|x64.ActiveCfg = Release|Any CPU
		{B3D7FF45-5A31-4663-A60E-6D429612AEBA}.Release|x64.Build.0 = Release|Any CPU
		{B3D7FF45-5A31-4663-A60E-6D429612AEBA}.Release|x86.ActiveCfg = Release|Any CPU
		{B3D7FF45-5A31-4663-A60E-6D429612AEBA}.Release|x86.Build.0 = Release|Any CPU
		{45EA2A4E-5E16-462E-AB4B-9A464E189127}.Debug|Any CPU.ActiveCfg = Debug|ARM
		{45EA2A4E-5E16-462E-AB4B-9A464E189127}.Debug|ARM.ActiveCfg = Debug|ARM
		{45EA2A4E-5E16-462E-AB4B-9A464E189127}.Debug|ARM.Build.0 = Debug|ARM
		{45EA2A4E-5E16-462E-AB4B-9A464E189127}.Debug|ARM64.ActiveCfg = Debug|ARM64
		{45EA2A4E-5E16-462E-AB4B-9A464E189127}.Debug|ARM64.Build.0 = Debug|ARM64
		{45EA2A4E-5E16-462E-AB4B-9A464E189127}.Debug|x64.ActiveCfg = Debug|ARM
		{45EA2A4E-5E16-462E-AB4B-9A464E189127}.Debug|x86.ActiveCfg = Debug|ARM
		{45EA2A4E-5E16-462E-AB4B-9A464E189127}.Release|Any CPU.ActiveCfg = Release|ARM
		{45EA2A4E-5E16-462E-AB4B-9A464E189127}.Release|ARM.ActiveCfg = Release|ARM
		{45EA2A4E-5E16-462E-AB4B-9A464E189127}.Release|ARM.Build.0 = Release|ARM
		{45EA2A4E-5E16-462E-AB4B-9A464E189127}.Release|ARM64.ActiveCfg = Release|ARM64
		{45EA2A4E-5E16-462E-AB4B-9A464E189127}.Release|ARM64.Build.0 = Release|ARM64
		{45EA2A4E-5E16-462E-AB4B-9A464E189127}.Release|x64.ActiveCfg = Release|ARM
		{45EA2A4E-5E16-462E-AB4B-9A464E189127}.Release|x86.ActiveCfg = Release|ARM
		{68E9B590-2288-497D-A8BD-F6F9D0B41C19}.Debug|Any CPU.ActiveCfg = Debug|Win32
		{68E9B590-2288-497D-A8BD-F6F9D0B41C19}.Debug|ARM.ActiveCfg = Debug|Win32
		{68E9B590-2288-497D-A8BD-F6F9D0B41C19}.Debug|ARM64.ActiveCfg = Debug|Win32
		{68E9B590-2288-497D-A8BD-F6F9D0B41C19}.Debug|x64.ActiveCfg = Debug|x64
		{68E9B590-2288-497D-A8BD-F6F9D0B41C19}.Debug|x64.Build.0 = Debug|x64
		{68E9B590-2288-497D-A8BD-F6F9D0B41C19}.Debug|x86.ActiveCfg = Debug|Win32
		{68E9B590-2288-497D-A8BD-F6F9D0B41C19}.Debug|x86.Build.0 = Debug|Win32
		{68E9B590-2288-497D-A8BD-F6F9D0B41C19}.Release|Any CPU.ActiveCfg = Release|Win32
		{68E9B590-2288-497D-A8BD-F6F9D0B41C19}.Release|ARM.ActiveCfg = Release|Win32
		{68E9B590-2288-497D-A8BD-F6F9D0B41C19}.Release|ARM64.ActiveCfg = Release|Win32
		{68E9B590-2288-497D-A8BD-F6F9D0B41C19}.Release|x64.ActiveCfg = Release|x64
		{68E9B590-2288-497D-A8BD-F6F9D0B41C19}.Release|x64.Build.0 = Release|x64
		{68E9B590-2288-497D-A8BD-F6F9D0B41C19}.Release|x86.ActiveCfg = Release|Win32
		{68E9B590-2288-497D-A8BD-F6F9D0B41C19}.Release|x86.Build.0 = Release|Win32
		{FDF13C4A-F403-4D40-A7AD-1C020EF89F73}.Debug|Any CPU.ActiveCfg = Debug|Any CPU
		{FDF13C4A-F403-4D40-A7AD-1C020EF89F73}.Debug|Any CPU.Build.0 = Debug|Any CPU
		{FDF13C4A-F403-4D40-A7AD-1C020EF89F73}.Debug|ARM.ActiveCfg = Debug|Any CPU
		{FDF13C4A-F403-4D40-A7AD-1C020EF89F73}.Debug|ARM.Build.0 = Debug|Any CPU
		{FDF13C4A-F403-4D40-A7AD-1C020EF89F73}.Debug|ARM64.ActiveCfg = Debug|Any CPU
		{FDF13C4A-F403-4D40-A7AD-1C020EF89F73}.Debug|ARM64.Build.0 = Debug|Any CPU
		{FDF13C4A-F403-4D40-A7AD-1C020EF89F73}.Debug|x64.ActiveCfg = Debug|Any CPU
		{FDF13C4A-F403-4D40-A7AD-1C020EF89F73}.Debug|x64.Build.0 = Debug|Any CPU
		{FDF13C4A-F403-4D40-A7AD-1C020EF89F73}.Debug|x86.ActiveCfg = Debug|Any CPU
		{FDF13C4A-F403-4D40-A7AD-1C020EF89F73}.Debug|x86.Build.0 = Debug|Any CPU
		{FDF13C4A-F403-4D40-A7AD-1C020EF89F73}.Release|Any CPU.ActiveCfg = Release|Any CPU
		{FDF13C4A-F403-4D40-A7AD-1C020EF89F73}.Release|Any CPU.Build.0 = Release|Any CPU
		{FDF13C4A-F403-4D40-A7AD-1C020EF89F73}.Release|ARM.ActiveCfg = Release|Any CPU
		{FDF13C4A-F403-4D40-A7AD-1C020EF89F73}.Release|ARM.Build.0 = Release|Any CPU
		{FDF13C4A-F403-4D40-A7AD-1C020EF89F73}.Release|ARM64.ActiveCfg = Release|Any CPU
		{FDF13C4A-F403-4D40-A7AD-1C020EF89F73}.Release|ARM64.Build.0 = Release|Any CPU
		{FDF13C4A-F403-4D40-A7AD-1C020EF89F73}.Release|x64.ActiveCfg = Release|Any CPU
		{FDF13C4A-F403-4D40-A7AD-1C020EF89F73}.Release|x64.Build.0 = Release|Any CPU
		{FDF13C4A-F403-4D40-A7AD-1C020EF89F73}.Release|x86.ActiveCfg = Release|Any CPU
		{FDF13C4A-F403-4D40-A7AD-1C020EF89F73}.Release|x86.Build.0 = Release|Any CPU
		{89DB9D05-98DA-425B-8643-33CB350924B0}.Debug|Any CPU.ActiveCfg = Debug|Any CPU
		{89DB9D05-98DA-425B-8643-33CB350924B0}.Debug|Any CPU.Build.0 = Debug|Any CPU
		{89DB9D05-98DA-425B-8643-33CB350924B0}.Debug|ARM.ActiveCfg = Debug|Any CPU
		{89DB9D05-98DA-425B-8643-33CB350924B0}.Debug|ARM.Build.0 = Debug|Any CPU
		{89DB9D05-98DA-425B-8643-33CB350924B0}.Debug|ARM64.ActiveCfg = Debug|Any CPU
		{89DB9D05-98DA-425B-8643-33CB350924B0}.Debug|ARM64.Build.0 = Debug|Any CPU
		{89DB9D05-98DA-425B-8643-33CB350924B0}.Debug|x64.ActiveCfg = Debug|Any CPU
		{89DB9D05-98DA-425B-8643-33CB350924B0}.Debug|x64.Build.0 = Debug|Any CPU
		{89DB9D05-98DA-425B-8643-33CB350924B0}.Debug|x86.ActiveCfg = Debug|Any CPU
		{89DB9D05-98DA-425B-8643-33CB350924B0}.Debug|x86.Build.0 = Debug|Any CPU
		{89DB9D05-98DA-425B-8643-33CB350924B0}.Release|Any CPU.ActiveCfg = Release|Any CPU
		{89DB9D05-98DA-425B-8643-33CB350924B0}.Release|Any CPU.Build.0 = Release|Any CPU
		{89DB9D05-98DA-425B-8643-33CB350924B0}.Release|ARM.ActiveCfg = Release|Any CPU
		{89DB9D05-98DA-425B-8643-33CB350924B0}.Release|ARM.Build.0 = Release|Any CPU
		{89DB9D05-98DA-425B-8643-33CB350924B0}.Release|ARM64.ActiveCfg = Release|Any CPU
		{89DB9D05-98DA-425B-8643-33CB350924B0}.Release|ARM64.Build.0 = Release|Any CPU
		{89DB9D05-98DA-425B-8643-33CB350924B0}.Release|x64.ActiveCfg = Release|Any CPU
		{89DB9D05-98DA-425B-8643-33CB350924B0}.Release|x64.Build.0 = Release|Any CPU
		{89DB9D05-98DA-425B-8643-33CB350924B0}.Release|x86.ActiveCfg = Release|Any CPU
		{89DB9D05-98DA-425B-8643-33CB350924B0}.Release|x86.Build.0 = Release|Any CPU
	EndGlobalSection
	GlobalSection(SolutionProperties) = preSolution
		HideSolutionNode = FALSE
	EndGlobalSection
	GlobalSection(NestedProjects) = preSolution
		{720DA644-B5B1-4450-B7A9-A9EFF5CD8118} = {AEDD57A4-5CD1-4E19-9DEE-50B504A6CE75}
		{730F368B-5849-4294-904D-D6681F8FE95B} = {87EF5A4A-C900-40D2-866E-AEDC304CD52B}
		{75FB92AF-4197-4031-98E1-8E9AC577BA75} = {AEDD57A4-5CD1-4E19-9DEE-50B504A6CE75}
		{0DDCE5F5-2072-4757-BB97-DA90C83B8865} = {AEDD57A4-5CD1-4E19-9DEE-50B504A6CE75}
		{B3D7FF45-5A31-4663-A60E-6D429612AEBA} = {AEDD57A4-5CD1-4E19-9DEE-50B504A6CE75}
		{45EA2A4E-5E16-462E-AB4B-9A464E189127} = {87EF5A4A-C900-40D2-866E-AEDC304CD52B}
		{68E9B590-2288-497D-A8BD-F6F9D0B41C19} = {87EF5A4A-C900-40D2-866E-AEDC304CD52B}
		{FDF13C4A-F403-4D40-A7AD-1C020EF89F73} = {AEDD57A4-5CD1-4E19-9DEE-50B504A6CE75}
		{89DB9D05-98DA-425B-8643-33CB350924B0} = {AEDD57A4-5CD1-4E19-9DEE-50B504A6CE75}
	EndGlobalSection
	GlobalSection(ExtensibilityGlobals) = postSolution
		SolutionGuid = {F186993F-582C-444D-97B6-3584172A55C1}
	EndGlobalSection
EndGlobal
